// !$*UTF8*$!
{
	archiveVersion = 1;
	classes = {
	};
	objectVersion = 46;
	objects = {

/* Begin PBXBuildFile section */
		0485DDA41AE7822C000198E6 /* AppDelegate.swift in Sources */ = {isa = PBXBuildFile; fileRef = 0485DDA31AE7822C000198E6 /* AppDelegate.swift */; };
		0485DDA61AE7822C000198E6 /* ViewController.swift in Sources */ = {isa = PBXBuildFile; fileRef = 0485DDA51AE7822C000198E6 /* ViewController.swift */; };
		0485DDA91AE7822C000198E6 /* Main.storyboard in Resources */ = {isa = PBXBuildFile; fileRef = 0485DDA71AE7822C000198E6 /* Main.storyboard */; };
		0485DDAB1AE7822C000198E6 /* Images.xcassets in Resources */ = {isa = PBXBuildFile; fileRef = 0485DDAA1AE7822C000198E6 /* Images.xcassets */; };
		0485DDAE1AE7822C000198E6 /* LaunchScreen.xib in Resources */ = {isa = PBXBuildFile; fileRef = 0485DDAC1AE7822C000198E6 /* LaunchScreen.xib */; };
		0485DDBA1AE7822D000198E6 /* LKAnimationTests.swift in Sources */ = {isa = PBXBuildFile; fileRef = 0485DDB91AE7822D000198E6 /* LKAnimationTests.swift */; };
/* End PBXBuildFile section */

/* Begin PBXContainerItemProxy section */
		0485DDB41AE7822D000198E6 /* PBXContainerItemProxy */ = {
			isa = PBXContainerItemProxy;
			containerPortal = 0485DD961AE7822C000198E6 /* Project object */;
			proxyType = 1;
			remoteGlobalIDString = 0485DD9D1AE7822C000198E6;
			remoteInfo = LKAnimation;
		};
/* End PBXContainerItemProxy section */

/* Begin PBXFileReference section */
		0485DD9E1AE7822C000198E6 /* LKAnimation.app */ = {isa = PBXFileReference; explicitFileType = wrapper.application; includeInIndex = 0; path = LKAnimation.app; sourceTree = BUILT_PRODUCTS_DIR; };
		0485DDA21AE7822C000198E6 /* Info.plist */ = {isa = PBXFileReference; lastKnownFileType = text.plist.xml; path = Info.plist; sourceTree = "<group>"; };
		0485DDA31AE7822C000198E6 /* AppDelegate.swift */ = {isa = PBXFileReference; lastKnownFileType = sourcecode.swift; path = AppDelegate.swift; sourceTree = "<group>"; };
		0485DDA51AE7822C000198E6 /* ViewController.swift */ = {isa = PBXFileReference; lastKnownFileType = sourcecode.swift; path = ViewController.swift; sourceTree = "<group>"; };
		0485DDA81AE7822C000198E6 /* Base */ = {isa = PBXFileReference; lastKnownFileType = file.storyboard; name = Base; path = Base.lproj/Main.storyboard; sourceTree = "<group>"; };
		0485DDAA1AE7822C000198E6 /* Images.xcassets */ = {isa = PBXFileReference; lastKnownFileType = folder.assetcatalog; path = Images.xcassets; sourceTree = "<group>"; };
		0485DDAD1AE7822C000198E6 /* Base */ = {isa = PBXFileReference; lastKnownFileType = file.xib; name = Base; path = Base.lproj/LaunchScreen.xib; sourceTree = "<group>"; };
		0485DDB31AE7822D000198E6 /* LKAnimationTests.xctest */ = {isa = PBXFileReference; explicitFileType = wrapper.cfbundle; includeInIndex = 0; path = LKAnimationTests.xctest; sourceTree = BUILT_PRODUCTS_DIR; };
		0485DDB81AE7822D000198E6 /* Info.plist */ = {isa = PBXFileReference; lastKnownFileType = text.plist.xml; path = Info.plist; sourceTree = "<group>"; };
		0485DDB91AE7822D000198E6 /* LKAnimationTests.swift */ = {isa = PBXFileReference; lastKnownFileType = sourcecode.swift; path = LKAnimationTests.swift; sourceTree = "<group>"; };
/* End PBXFileReference section */

/* Begin PBXFrameworksBuildPhase section */
		0485DD9B1AE7822C000198E6 /* Frameworks */ = {
			isa = PBXFrameworksBuildPhase;
			buildActionMask = 2147483647;
			files = (
			);
			runOnlyForDeploymentPostprocessing = 0;
		};
		0485DDB01AE7822D000198E6 /* Frameworks */ = {
			isa = PBXFrameworksBuildPhase;
			buildActionMask = 2147483647;
			files = (
			);
			runOnlyForDeploymentPostprocessing = 0;
		};
/* End PBXFrameworksBuildPhase section */

/* Begin PBXGroup section */
		0485DD951AE7822C000198E6 = {
			isa = PBXGroup;
			children = (
				0485DDA01AE7822C000198E6 /* LKAnimation */,
				0485DDB61AE7822D000198E6 /* LKAnimationTests */,
				0485DD9F1AE7822C000198E6 /* Products */,
			);
			sourceTree = "<group>";
		};
		0485DD9F1AE7822C000198E6 /* Products */ = {
			isa = PBXGroup;
			children = (
				0485DD9E1AE7822C000198E6 /* LKAnimation.app */,
				0485DDB31AE7822D000198E6 /* LKAnimationTests.xctest */,
			);
			name = Products;
			sourceTree = "<group>";
		};
		0485DDA01AE7822C000198E6 /* LKAnimation */ = {
			isa = PBXGroup;
			children = (
				0485DDA31AE7822C000198E6 /* AppDelegate.swift */,
				0485DDA51AE7822C000198E6 /* ViewController.swift */,
				0485DDA71AE7822C000198E6 /* Main.storyboard */,
				0485DDAA1AE7822C000198E6 /* Images.xcassets */,
				0485DDAC1AE7822C000198E6 /* LaunchScreen.xib */,
				0485DDA11AE7822C000198E6 /* Supporting Files */,
			);
			path = LKAnimation;
			sourceTree = "<group>";
		};
		0485DDA11AE7822C000198E6 /* Supporting Files */ = {
			isa = PBXGroup;
			children = (
				0485DDA21AE7822C000198E6 /* Info.plist */,
			);
			name = "Supporting Files";
			sourceTree = "<group>";
		};
		0485DDB61AE7822D000198E6 /* LKAnimationTests */ = {
			isa = PBXGroup;
			children = (
				0485DDB91AE7822D000198E6 /* LKAnimationTests.swift */,
				0485DDB71AE7822D000198E6 /* Supporting Files */,
			);
			path = LKAnimationTests;
			sourceTree = "<group>";
		};
		0485DDB71AE7822D000198E6 /* Supporting Files */ = {
			isa = PBXGroup;
			children = (
				0485DDB81AE7822D000198E6 /* Info.plist */,
			);
			name = "Supporting Files";
			sourceTree = "<group>";
		};
/* End PBXGroup section */

/* Begin PBXNativeTarget section */
		0485DD9D1AE7822C000198E6 /* LKAnimation */ = {
			isa = PBXNativeTarget;
			buildConfigurationList = 0485DDBD1AE7822D000198E6 /* Build configuration list for PBXNativeTarget "LKAnimation" */;
			buildPhases = (
				0485DD9A1AE7822C000198E6 /* Sources */,
				0485DD9B1AE7822C000198E6 /* Frameworks */,
				0485DD9C1AE7822C000198E6 /* Resources */,
			);
			buildRules = (
			);
			dependencies = (
			);
			name = LKAnimation;
			productName = LKAnimation;
			productReference = 0485DD9E1AE7822C000198E6 /* LKAnimation.app */;
			productType = "com.apple.product-type.application";
		};
		0485DDB21AE7822D000198E6 /* LKAnimationTests */ = {
			isa = PBXNativeTarget;
			buildConfigurationList = 0485DDC01AE7822D000198E6 /* Build configuration list for PBXNativeTarget "LKAnimationTests" */;
			buildPhases = (
				0485DDAF1AE7822D000198E6 /* Sources */,
				0485DDB01AE7822D000198E6 /* Frameworks */,
				0485DDB11AE7822D000198E6 /* Resources */,
			);
			buildRules = (
			);
			dependencies = (
				0485DDB51AE7822D000198E6 /* PBXTargetDependency */,
			);
			name = LKAnimationTests;
			productName = LKAnimationTests;
			productReference = 0485DDB31AE7822D000198E6 /* LKAnimationTests.xctest */;
			productType = "com.apple.product-type.bundle.unit-test";
		};
/* End PBXNativeTarget section */

/* Begin PBXProject section */
		0485DD961AE7822C000198E6 /* Project object */ = {
			isa = PBXProject;
			attributes = {
				LastUpgradeCheck = 0630;
				ORGANIZATIONNAME = liukun;
				TargetAttributes = {
					0485DD9D1AE7822C000198E6 = {
						CreatedOnToolsVersion = 6.3;
					};
					0485DDB21AE7822D000198E6 = {
						CreatedOnToolsVersion = 6.3;
						TestTargetID = 0485DD9D1AE7822C000198E6;
					};
				};
			};
			buildConfigurationList = 0485DD991AE7822C000198E6 /* Build configuration list for PBXProject "LKAnimation" */;
			compatibilityVersion = "Xcode 3.2";
			developmentRegion = English;
			hasScannedForEncodings = 0;
			knownRegions = (
				en,
				Base,
			);
			mainGroup = 0485DD951AE7822C000198E6;
			productRefGroup = 0485DD9F1AE7822C000198E6 /* Products */;
			projectDirPath = "";
			projectRoot = "";
			targets = (
				0485DD9D1AE7822C000198E6 /* LKAnimation */,
				0485DDB21AE7822D000198E6 /* LKAnimationTests */,
			);
		};
/* End PBXProject section */

/* Begin PBXResourcesBuildPhase section */
		0485DD9C1AE7822C000198E6 /* Resources */ = {
			isa = PBXResourcesBuildPhase;
			buildActionMask = 2147483647;
			files = (
				0485DDA91AE7822C000198E6 /* Main.storyboard in Resources */,
				0485DDAE1AE7822C000198E6 /* LaunchScreen.xib in Resources */,
				0485DDAB1AE7822C000198E6 /* Images.xcassets in Resources */,
			);
			runOnlyForDeploymentPostprocessing = 0;
		};
		0485DDB11AE7822D000198E6 /* Resources */ = {
			isa = PBXResourcesBuildPhase;
			buildActionMask = 2147483647;
			files = (
			);
			runOnlyForDeploymentPostprocessing = 0;
		};
/* End PBXResourcesBuildPhase section */

/* Begin PBXSourcesBuildPhase section */
		0485DD9A1AE7822C000198E6 /* Sources */ = {
			isa = PBXSourcesBuildPhase;
			buildActionMask = 2147483647;
			files = (
				0485DDA61AE7822C000198E6 /* ViewController.swift in Sources */,
				0485DDA41AE7822C000198E6 /* AppDelegate.swift in Sources */,
			);
			runOnlyForDeploymentPostprocessing = 0;
		};
		0485DDAF1AE7822D000198E6 /* Sources */ = {
			isa = PBXSourcesBuildPhase;
			buildActionMask = 2147483647;
			files = (
				0485DDBA1AE7822D000198E6 /* LKAnimationTests.swift in Sources */,
			);
			runOnlyForDeploymentPostprocessing = 0;
		};
/* End PBXSourcesBuildPhase section */

/* Begin PBXTargetDependency section */
		0485DDB51AE7822D000198E6 /* PBXTargetDependency */ = {
			isa = PBXTargetDependency;
			target = 0485DD9D1AE7822C000198E6 /* LKAnimation */;
			targetProxy = 0485DDB41AE7822D000198E6 /* PBXContainerItemProxy */;
		};
/* End PBXTargetDependency section */

/* Begin PBXVariantGroup section */
		0485DDA71AE7822C000198E6 /* Main.storyboard */ = {
			isa = PBXVariantGroup;
			children = (
				0485DDA81AE7822C000198E6 /* Base */,
			);
			name = Main.storyboard;
			sourceTree = "<group>";
		};
		0485DDAC1AE7822C000198E6 /* LaunchScreen.xib */ = {
			isa = PBXVariantGroup;
			children = (
				0485DDAD1AE7822C000198E6 /* Base */,
			);
			name = LaunchScreen.xib;
			sourceTree = "<group>";
		};
/* End PBXVariantGroup section */

/* Begin XCBuildConfiguration section */
		0485DDBB1AE7822D000198E6 /* Debug */ = {
			isa = XCBuildConfiguration;
			buildSettings = {
				ALWAYS_SEARCH_USER_PATHS = NO;
				CLANG_CXX_LANGUAGE_STANDARD = "gnu++0x";
				CLANG_CXX_LIBRARY = "libc++";
				CLANG_ENABLE_MODULES = YES;
				CLANG_ENABLE_OBJC_ARC = YES;
				CLANG_WARN_BOOL_CONVERSION = YES;
				CLANG_WARN_CONSTANT_CONVERSION = YES;
				CLANG_WARN_DIRECT_OBJC_ISA_USAGE = YES_ERROR;
				CLANG_WARN_EMPTY_BODY = YES;
				CLANG_WARN_ENUM_CONVERSION = YES;
				CLANG_WARN_INT_CONVERSION = YES;
				CLANG_WARN_OBJC_ROOT_CLASS = YES_ERROR;
				CLANG_WARN_UNREACHABLE_CODE = YES;
				CLANG_WARN__DUPLICATE_METHOD_MATCH = YES;
				"CODE_SIGN_IDENTITY[sdk=iphoneos*]" = "iPhone Developer";
				COPY_PHASE_STRIP = NO;
				DEBUG_INFORMATION_FORMAT = "dwarf-with-dsym";
				ENABLE_STRICT_OBJC_MSGSEND = YES;
				GCC_C_LANGUAGE_STANDARD = gnu99;
				GCC_DYNAMIC_NO_PIC = NO;
				GCC_NO_COMMON_BLOCKS = YES;
				GCC_OPTIMIZATION_LEVEL = 0;
				GCC_PREPROCESSOR_DEFINITIONS = (
					"DEBUG=1",
					"$(inherited)",
				);
				GCC_SYMBOLS_PRIVATE_EXTERN = NO;
				GCC_WARN_64_TO_32_BIT_CONVERSION = YES;
				GCC_WARN_ABOUT_RETURN_TYPE = YES_ERROR;
				GCC_WARN_UNDECLARED_SELECTOR = YES;
				GCC_WARN_UNINITIALIZED_AUTOS = YES_AGGRESSIVE;
				GCC_WARN_UNUSED_FUNCTION = YES;
				GCC_WARN_UNUSED_VARIABLE = YES;
				IPHONEOS_DEPLOYMENT_TARGET = 8.3;
				MTL_ENABLE_DEBUG_INFO = YES;
				ONLY_ACTIVE_ARCH = YES;
				SDKROOT = iphoneos;
				SWIFT_OPTIMIZATION_LEVEL = "-Onone";
			};
			name = Debug;
		};
		0485DDBC1AE7822D000198E6 /* Release */ = {
			isa = XCBuildConfiguration;
			buildSettings = {
				ALWAYS_SEARCH_USER_PATHS = NO;
				CLANG_CXX_LANGUAGE_STANDARD = "gnu++0x";
				CLANG_CXX_LIBRARY = "libc++";
				CLANG_ENABLE_MODULES = YES;
				CLANG_ENABLE_OBJC_ARC = YES;
				CLANG_WARN_BOOL_CONVERSION = YES;
				CLANG_WARN_CONSTANT_CONVERSION = YES;
				CLANG_WARN_DIRECT_OBJC_ISA_USAGE = YES_ERROR;
				CLANG_WARN_EMPTY_BODY = YES;
				CLANG_WARN_ENUM_CONVERSION = YES;
				CLANG_WARN_INT_CONVERSION = YES;
				CLANG_WARN_OBJC_ROOT_CLASS = YES_ERROR;
				CLANG_WARN_UNREACHABLE_CODE = YES;
				CLANG_WARN__DUPLICATE_METHOD_MATCH = YES;
				"CODE_SIGN_IDENTITY[sdk=iphoneos*]" = "iPhone Developer";
				COPY_PHASE_STRIP = NO;
				DEBUG_INFORMATION_FORMAT = "dwarf-with-dsym";
				ENABLE_NS_ASSERTIONS = NO;
				ENABLE_STRICT_OBJC_MSGSEND = YES;
				GCC_C_LANGUAGE_STANDARD = gnu99;
				GCC_NO_COMMON_BLOCKS = YES;
				GCC_WARN_64_TO_32_BIT_CONVERSION = YES;
				GCC_WARN_ABOUT_RETURN_TYPE = YES_ERROR;
				GCC_WARN_UNDECLARED_SELECTOR = YES;
				GCC_WARN_UNINITIALIZED_AUTOS = YES_AGGRESSIVE;
				GCC_WARN_UNUSED_FUNCTION = YES;
				GCC_WARN_UNUSED_VARIABLE = YES;
				IPHONEOS_DEPLOYMENT_TARGET = 8.3;
				MTL_ENABLE_DEBUG_INFO = NO;
				SDKROOT = iphoneos;
				VALIDATE_PRODUCT = YES;
			};
			name = Release;
		};
		0485DDBE1AE7822D000198E6 /* Debug */ = {
			isa = XCBuildConfiguration;
			buildSettings = {
				ASSETCATALOG_COMPILER_APPICON_NAME = AppIcon;
				INFOPLIST_FILE = LKAnimation/Info.plist;
				LD_RUNPATH_SEARCH_PATHS = "$(inherited) @executable_path/Frameworks";
				PRODUCT_NAME = "$(TARGET_NAME)";
			};
			name = Debug;
		};
		0485DDBF1AE7822D000198E6 /* Release */ = {
			isa = XCBuildConfiguration;
			buildSettings = {
				ASSETCATALOG_COMPILER_APPICON_NAME = AppIcon;
				INFOPLIST_FILE = LKAnimation/Info.plist;
				LD_RUNPATH_SEARCH_PATHS = "$(inherited) @executable_path/Frameworks";
				PRODUCT_NAME = "$(TARGET_NAME)";
			};
			name = Release;
		};
		0485DDC11AE7822D000198E6 /* Debug */ = {
			isa = XCBuildConfiguration;
			buildSettings = {
				BUNDLE_LOADER = "$(TEST_HOST)";
				FRAMEWORK_SEARCH_PATHS = (
					"$(SDKROOT)/Developer/Library/Frameworks",
					"$(inherited)",
				);
				GCC_PREPROCESSOR_DEFINITIONS = (
					"DEBUG=1",
					"$(inherited)",
				);
				INFOPLIST_FILE = LKAnimationTests/Info.plist;
				LD_RUNPATH_SEARCH_PATHS = "$(inherited) @executable_path/Frameworks @loader_path/Frameworks";
				PRODUCT_NAME = "$(TARGET_NAME)";
				TEST_HOST = "$(BUILT_PRODUCTS_DIR)/LKAnimation.app/LKAnimation";
			};
			name = Debug;
		};
		0485DDC21AE7822D000198E6 /* Release */ = {
			isa = XCBuildConfiguration;
			buildSettings = {
				BUNDLE_LOADER = "$(TEST_HOST)";
				FRAMEWORK_SEARCH_PATHS = (
					"$(SDKROOT)/Developer/Library/Frameworks",
					"$(inherited)",
				);
				INFOPLIST_FILE = LKAnimationTests/Info.plist;
				LD_RUNPATH_SEARCH_PATHS = "$(inherited) @executable_path/Frameworks @loader_path/Frameworks";
				PRODUCT_NAME = "$(TARGET_NAME)";
				TEST_HOST = "$(BUILT_PRODUCTS_DIR)/LKAnimation.app/LKAnimation";
			};
			name = Release;
		};
/* End XCBuildConfiguration section */

/* Begin XCConfigurationList section */
		0485DD991AE7822C000198E6 /* Build configuration list for PBXProject "LKAnimation" */ = {
			isa = XCConfigurationList;
			buildConfigurations = (
				0485DDBB1AE7822D000198E6 /* Debug */,
				0485DDBC1AE7822D000198E6 /* Release */,
			);
			defaultConfigurationIsVisible = 0;
			defaultConfigurationName = Release;
		};
		0485DDBD1AE7822D000198E6 /* Build configuration list for PBXNativeTarget "LKAnimation" */ = {
			isa = XCConfigurationList;
			buildConfigurations = (
				0485DDBE1AE7822D000198E6 /* Debug */,
				0485DDBF1AE7822D000198E6 /* Release */,
			);
			defaultConfigurationIsVisible = 0;
		};
		0485DDC01AE7822D000198E6 /* Build configuration list for PBXNativeTarget "LKAnimationTests" */ = {
			isa = XCConfigurationList;
			buildConfigurations = (
				0485DDC11AE7822D000198E6 /* Debug */,
				0485DDC21AE7822D000198E6 /* Release */,
			);
			defaultConfigurationIsVisible = 0;
		};
/* End XCConfigurationList section */
	};
	rootObject = 0485DD961AE7822C000198E6 /* Project object */;
}
